// !$*UTF8*$!
{
	archiveVersion = 1;
	classes = {
	};
	objectVersion = 50;
	objects = {

/* Begin PBXBuildFile section */
		26DD347E23FDEA3C00F4D43C /* AddProductViewController.swift in Sources */ = {isa = PBXBuildFile; fileRef = 26DD347D23FDEA3C00F4D43C /* AddProductViewController.swift */; };
		26F7140A23DCDE87000D426D /* AppDelegate.swift in Sources */ = {isa = PBXBuildFile; fileRef = 26F7140923DCDE87000D426D /* AppDelegate.swift */; };
		26F7140C23DCDE87000D426D /* SceneDelegate.swift in Sources */ = {isa = PBXBuildFile; fileRef = 26F7140B23DCDE87000D426D /* SceneDelegate.swift */; };
		26F7140E23DCDE87000D426D /* AddingPageViewController.swift in Sources */ = {isa = PBXBuildFile; fileRef = 26F7140D23DCDE87000D426D /* AddingPageViewController.swift */; };
		26F7141123DCDE87000D426D /* Main.storyboard in Resources */ = {isa = PBXBuildFile; fileRef = 26F7140F23DCDE87000D426D /* Main.storyboard */; };
		26F7141323DCDE88000D426D /* Assets.xcassets in Resources */ = {isa = PBXBuildFile; fileRef = 26F7141223DCDE88000D426D /* Assets.xcassets */; };
		26F7141623DCDE88000D426D /* LaunchScreen.storyboard in Resources */ = {isa = PBXBuildFile; fileRef = 26F7141423DCDE88000D426D /* LaunchScreen.storyboard */; };
		26F7142123DCDF2A000D426D /* Product.swift in Sources */ = {isa = PBXBuildFile; fileRef = 26F7142023DCDF2A000D426D /* Product.swift */; };
/* End PBXBuildFile section */

/* Begin PBXFileReference section */
		26DD347D23FDEA3C00F4D43C /* AddProductViewController.swift */ = {isa = PBXFileReference; lastKnownFileType = sourcecode.swift; path = AddProductViewController.swift; sourceTree = "<group>"; };
		26F7140623DCDE87000D426D /* ShoppingList.app */ = {isa = PBXFileReference; explicitFileType = wrapper.application; includeInIndex = 0; path = ShoppingList.app; sourceTree = BUILT_PRODUCTS_DIR; };
		26F7140923DCDE87000D426D /* AppDelegate.swift */ = {isa = PBXFileReference; lastKnownFileType = sourcecode.swift; path = AppDelegate.swift; sourceTree = "<group>"; };
		26F7140B23DCDE87000D426D /* SceneDelegate.swift */ = {isa = PBXFileReference; lastKnownFileType = sourcecode.swift; path = SceneDelegate.swift; sourceTree = "<group>"; };
		26F7140D23DCDE87000D426D /* AddingPageViewController.swift */ = {isa = PBXFileReference; lastKnownFileType = sourcecode.swift; path = AddingPageViewController.swift; sourceTree = "<group>"; };
		26F7141023DCDE87000D426D /* Base */ = {isa = PBXFileReference; lastKnownFileType = file.storyboard; name = Base; path = Base.lproj/Main.storyboard; sourceTree = "<group>"; };
		26F7141223DCDE88000D426D /* Assets.xcassets */ = {isa = PBXFileReference; lastKnownFileType = folder.assetcatalog; path = Assets.xcassets; sourceTree = "<group>"; };
		26F7141523DCDE88000D426D /* Base */ = {isa = PBXFileReference; lastKnownFileType = file.storyboard; name = Base; path = Base.lproj/LaunchScreen.storyboard; sourceTree = "<group>"; };
		26F7141723DCDE88000D426D /* Info.plist */ = {isa = PBXFileReference; lastKnownFileType = text.plist.xml; path = Info.plist; sourceTree = "<group>"; };
		26F7142023DCDF2A000D426D /* Product.swift */ = {isa = PBXFileReference; lastKnownFileType = sourcecode.swift; path = Product.swift; sourceTree = "<group>"; };
/* End PBXFileReference section */

/* Begin PBXFrameworksBuildPhase section */
		26F7140323DCDE87000D426D /* Frameworks */ = {
			isa = PBXFrameworksBuildPhase;
			buildActionMask = 2147483647;
			files = (
			);
			runOnlyForDeploymentPostprocessing = 0;
		};
/* End PBXFrameworksBuildPhase section */

/* Begin PBXGroup section */
		26F713FD23DCDE87000D426D = {
			isa = PBXGroup;
			children = (
				26F7140823DCDE87000D426D /* ShoppingList */,
				26F7140723DCDE87000D426D /* Products */,
			);
			sourceTree = "<group>";
		};
		26F7140723DCDE87000D426D /* Products */ = {
			isa = PBXGroup;
			children = (
				26F7140623DCDE87000D426D /* ShoppingList.app */,
			);
			name = Products;
			sourceTree = "<group>";
		};
		26F7140823DCDE87000D426D /* ShoppingList */ = {
			isa = PBXGroup;
			children = (
				26F7140923DCDE87000D426D /* AppDelegate.swift */,
				26F7140B23DCDE87000D426D /* SceneDelegate.swift */,
				26F7141F23DCDEF9000D426D /* Model */,
				26F7141D23DCDEA1000D426D /* View */,
				26F7141E23DCDECE000D426D /* Controller */,
				26F7141223DCDE88000D426D /* Assets.xcassets */,
				26F7141423DCDE88000D426D /* LaunchScreen.storyboard */,
				26F7141723DCDE88000D426D /* Info.plist */,
			);
			path = ShoppingList;
			sourceTree = "<group>";
		};
		26F7141D23DCDEA1000D426D /* View */ = {
			isa = PBXGroup;
			children = (
				26F7140F23DCDE87000D426D /* Main.storyboard */,
			);
			path = View;
			sourceTree = "<group>";
		};
		26F7141E23DCDECE000D426D /* Controller */ = {
			isa = PBXGroup;
			children = (
				26F7140D23DCDE87000D426D /* AddingPageViewController.swift */,
				26DD347D23FDEA3C00F4D43C /* AddProductViewController.swift */,
			);
			path = Controller;
			sourceTree = "<group>";
		};
		26F7141F23DCDEF9000D426D /* Model */ = {
			isa = PBXGroup;
			children = (
				26F7142023DCDF2A000D426D /* Product.swift */,
			);
			path = Model;
			sourceTree = "<group>";
		};
/* End PBXGroup section */

/* Begin PBXNativeTarget section */
		26F7140523DCDE87000D426D /* ShoppingList */ = {
			isa = PBXNativeTarget;
			buildConfigurationList = 26F7141A23DCDE88000D426D /* Build configuration list for PBXNativeTarget "ShoppingList" */;
			buildPhases = (
				26F7140223DCDE87000D426D /* Sources */,
				26F7140323DCDE87000D426D /* Frameworks */,
				26F7140423DCDE87000D426D /* Resources */,
			);
			buildRules = (
			);
			dependencies = (
			);
			name = ShoppingList;
			productName = ShoppingList;
			productReference = 26F7140623DCDE87000D426D /* ShoppingList.app */;
			productType = "com.apple.product-type.application";
		};
/* End PBXNativeTarget section */

/* Begin PBXProject section */
		26F713FE23DCDE87000D426D /* Project object */ = {
			isa = PBXProject;
			attributes = {
				LastSwiftUpdateCheck = 1130;
				LastUpgradeCheck = 1130;
				ORGANIZATIONNAME = "Salman Mohammed";
				TargetAttributes = {
					26F7140523DCDE87000D426D = {
						CreatedOnToolsVersion = 11.3.1;
					};
				};
			};
			buildConfigurationList = 26F7140123DCDE87000D426D /* Build configuration list for PBXProject "ShoppingList" */;
			compatibilityVersion = "Xcode 9.3";
			developmentRegion = en;
			hasScannedForEncodings = 0;
			knownRegions = (
				en,
				Base,
			);
			mainGroup = 26F713FD23DCDE87000D426D;
			productRefGroup = 26F7140723DCDE87000D426D /* Products */;
			projectDirPath = "";
			projectRoot = "";
			targets = (
				26F7140523DCDE87000D426D /* ShoppingList */,
			);
		};
/* End PBXProject section */

/* Begin PBXResourcesBuildPhase section */
		26F7140423DCDE87000D426D /* Resources */ = {
			isa = PBXResourcesBuildPhase;
			buildActionMask = 2147483647;
			files = (
				26F7141623DCDE88000D426D /* LaunchScreen.storyboard in Resources */,
				26F7141323DCDE88000D426D /* Assets.xcassets in Resources */,
				26F7141123DCDE87000D426D /* Main.storyboard in Resources */,
			);
			runOnlyForDeploymentPostprocessing = 0;
		};
/* End PBXResourcesBuildPhase section */

/* Begin PBXSourcesBuildPhase section */
		26F7140223DCDE87000D426D /* Sources */ = {
			isa = PBXSourcesBuildPhase;
			buildActionMask = 2147483647;
			files = (
				26F7140E23DCDE87000D426D /* AddingPageViewController.swift in Sources */,
				26F7142123DCDF2A000D426D /* Product.swift in Sources */,
				26DD347E23FDEA3C00F4D43C /* AddProductViewController.swift in Sources */,
				26F7140A23DCDE87000D426D /* AppDelegate.swift in Sources */,
				26F7140C23DCDE87000D426D /* SceneDelegate.swift in Sources */,
			);
			runOnlyForDeploymentPostprocessing = 0;
		};
/* End PBXSourcesBuildPhase section */

/* Begin PBXVariantGroup section */
		26F7140F23DCDE87000D426D /* Main.storyboard */ = {
			isa = PBXVariantGroup;
			children = (
				26F7141023DCDE87000D426D /* Base */,
			);
			name = Main.storyboard;
			sourceTree = "<group>";
		};
		26F7141423DCDE88000D426D /* LaunchScreen.storyboard */ = {
			isa = PBXVariantGroup;
			children = (
				26F7141523DCDE88000D426D /* Base */,
			);
			name = LaunchScreen.storyboard;
			sourceTree = "<group>";
		};
/* End PBXVariantGroup section */

/* Begin XCBuildConfiguration section */
		26F7141823DCDE88000D426D /* Debug */ = {
			isa = XCBuildConfiguration;
			buildSettings = {
				ALWAYS_SEARCH_USER_PATHS = NO;
				CLANG_ANALYZER_NONNULL = YES;
				CLANG_ANALYZER_NUMBER_OBJECT_CONVERSION = YES_AGGRESSIVE;
				CLANG_CXX_LANGUAGE_STANDARD = "gnu++14";
				CLANG_CXX_LIBRARY = "libc++";
				CLANG_ENABLE_MODULES = YES;
				CLANG_ENABLE_OBJC_ARC = YES;
				CLANG_ENABLE_OBJC_WEAK = YES;
				CLANG_WARN_BLOCK_CAPTURE_AUTORELEASING = YES;
				CLANG_WARN_BOOL_CONVERSION = YES;
				CLANG_WARN_COMMA = YES;
				CLANG_WARN_CONSTANT_CONVERSION = YES;
				CLANG_WARN_DEPRECATED_OBJC_IMPLEMENTATIONS = YES;
				CLANG_WARN_DIRECT_OBJC_ISA_USAGE = YES_ERROR;
				CLANG_WARN_DOCUMENTATION_COMMENTS = YES;
				CLANG_WARN_EMPTY_BODY = YES;
				CLANG_WARN_ENUM_CONVERSION = YES;
				CLANG_WARN_INFINITE_RECURSION = YES;
				CLANG_WARN_INT_CONVERSION = YES;
				CLANG_WARN_NON_LITERAL_NULL_CONVERSION = YES;
				CLANG_WARN_OBJC_IMPLICIT_RETAIN_SELF = YES;
				CLANG_WARN_OBJC_LITERAL_CONVERSION = YES;
				CLANG_WARN_OBJC_ROOT_CLASS = YES_ERROR;
				CLANG_WARN_RANGE_LOOP_ANALYSIS = YES;
				CLANG_WARN_STRICT_PROTOTYPES = YES;
				CLANG_WARN_SUSPICIOUS_MOVE = YES;
				CLANG_WARN_UNGUARDED_AVAILABILITY = YES_AGGRESSIVE;
				CLANG_WARN_UNREACHABLE_CODE = YES;
				CLANG_WARN__DUPLICATE_METHOD_MATCH = YES;
				COPY_PHASE_STRIP = NO;
				DEBUG_INFORMATION_FORMAT = dwarf;
				ENABLE_STRICT_OBJC_MSGSEND = YES;
				ENABLE_TESTABILITY = YES;
				GCC_C_LANGUAGE_STANDARD = gnu11;
				GCC_DYNAMIC_NO_PIC = NO;
				GCC_NO_COMMON_BLOCKS = YES;
				GCC_OPTIMIZATION_LEVEL = 0;
				GCC_PREPROCESSOR_DEFINITIONS = (
					"DEBUG=1",
					"$(inherited)",
				);
				GCC_WARN_64_TO_32_BIT_CONVERSION = YES;
				GCC_WARN_ABOUT_RETURN_TYPE = YES_ERROR;
				GCC_WARN_UNDECLARED_SELECTOR = YES;
				GCC_WARN_UNINITIALIZED_AUTOS = YES_AGGRESSIVE;
				GCC_WARN_UNUSED_FUNCTION = YES;
				GCC_WARN_UNUSED_VARIABLE = YES;
				IPHONEOS_DEPLOYMENT_TARGET = 13.2;
				MTL_ENABLE_DEBUG_INFO = INCLUDE_SOURCE;
				MTL_FAST_MATH = YES;
				ONLY_ACTIVE_ARCH = YES;
				SDKROOT = iphoneos;
				SWIFT_ACTIVE_COMPILATION_CONDITIONS = DEBUG;
				SWIFT_OPTIMIZATION_LEVEL = "-Onone";
			};
			name = Debug;
		};
		26F7141923DCDE88000D426D /* Release */ = {
			isa = XCBuildConfiguration;
			buildSettings = {
				ALWAYS_SEARCH_USER_PATHS = NO;
				CLANG_ANALYZER_NONNULL = YES;
				CLANG_ANALYZER_NUMBER_OBJECT_CONVERSION = YES_AGGRESSIVE;
				CLANG_CXX_LANGUAGE_STANDARD = "gnu++14";
				CLANG_CXX_LIBRARY = "libc++";
				CLANG_ENABLE_MODULES = YES;
				CLANG_ENABLE_OBJC_ARC = YES;
				CLANG_ENABLE_OBJC_WEAK = YES;
				CLANG_WARN_BLOCK_CAPTURE_AUTORELEASING = YES;
				CLANG_WARN_BOOL_CONVERSION = YES;
				CLANG_WARN_COMMA = YES;
				CLANG_WARN_CONSTANT_CONVERSION = YES;
				CLANG_WARN_DEPRECATED_OBJC_IMPLEMENTATIONS = YES;
				CLANG_WARN_DIRECT_OBJC_ISA_USAGE = YES_ERROR;
				CLANG_WARN_DOCUMENTATION_COMMENTS = YES;
				CLANG_WARN_EMPTY_BODY = YES;
				CLANG_WARN_ENUM_CONVERSION = YES;
				CLANG_WARN_INFINITE_RECURSION = YES;
				CLANG_WARN_INT_CONVERSION = YES;
				CLANG_WARN_NON_LITERAL_NULL_CONVERSION = YES;
				CLANG_WARN_OBJC_IMPLICIT_RETAIN_SELF = YES;
				CLANG_WARN_OBJC_LITERAL_CONVERSION = YES;
				CLANG_WARN_OBJC_ROOT_CLASS = YES_ERROR;
				CLANG_WARN_RANGE_LOOP_ANALYSIS = YES;
				CLANG_WARN_STRICT_PROTOTYPES = YES;
				CLANG_WARN_SUSPICIOUS_MOVE = YES;
				CLANG_WARN_UNGUARDED_AVAILABILITY = YES_AGGRESSIVE;
				CLANG_WARN_UNREACHABLE_CODE = YES;
				CLANG_WARN__DUPLICATE_METHOD_MATCH = YES;
				COPY_PHASE_STRIP = NO;
				DEBUG_INFORMATION_FORMAT = "dwarf-with-dsym";
				ENABLE_NS_ASSERTIONS = NO;
				ENABLE_STRICT_OBJC_MSGSEND = YES;
				GCC_C_LANGUAGE_STANDARD = gnu11;
				GCC_NO_COMMON_BLOCKS = YES;
				GCC_WARN_64_TO_32_BIT_CONVERSION = YES;
				GCC_WARN_ABOUT_RETURN_TYPE = YES_ERROR;
				GCC_WARN_UNDECLARED_SELECTOR = YES;
				GCC_WARN_UNINITIALIZED_AUTOS = YES_AGGRESSIVE;
				GCC_WARN_UNUSED_FUNCTION = YES;
				GCC_WARN_UNUSED_VARIABLE = YES;
				IPHONEOS_DEPLOYMENT_TARGET = 13.2;
				MTL_ENABLE_DEBUG_INFO = NO;
				MTL_FAST_MATH = YES;
				SDKROOT = iphoneos;
				SWIFT_COMPILATION_MODE = wholemodule;
				SWIFT_OPTIMIZATION_LEVEL = "-O";
				VALIDATE_PRODUCT = YES;
			};
			name = Release;
		};
		26F7141B23DCDE88000D426D /* Debug */ = {
			isa = XCBuildConfiguration;
			buildSettings = {
				ASSETCATALOG_COMPILER_APPICON_NAME = AppIcon;
				CODE_SIGN_STYLE = Automatic;
				INFOPLIST_FILE = ShoppingList/Info.plist;
				LD_RUNPATH_SEARCH_PATHS = (
					"$(inherited)",
					"@executable_path/Frameworks",
				);
				PRODUCT_BUNDLE_IDENTIFIER = SalmanMohammed.ShoppingList;
				PRODUCT_NAME = "$(TARGET_NAME)";
				SWIFT_VERSION = 5.0;
				TARGETED_DEVICE_FAMILY = "1,2";
			};
			name = Debug;
		};
		26F7141C23DCDE88000D426D /* Release */ = {
			isa = XCBuildConfiguration;
			buildSettings = {
				ASSETCATALOG_COMPILER_APPICON_NAME = AppIcon;
				CODE_SIGN_STYLE = Automatic;
				INFOPLIST_FILE = ShoppingList/Info.plist;
				LD_RUNPATH_SEARCH_PATHS = (
					"$(inherited)",
					"@executable_path/Frameworks",
				);
				PRODUCT_BUNDLE_IDENTIFIER = SalmanMohammed.ShoppingList;
				PRODUCT_NAME = "$(TARGET_NAME)";
				SWIFT_VERSION = 5.0;
				TARGETED_DEVICE_FAMILY = "1,2";
			};
			name = Release;
		};
/* End XCBuildConfiguration section */

/* Begin XCConfigurationList section */
		26F7140123DCDE87000D426D /* Build configuration list for PBXProject "ShoppingList" */ = {
			isa = XCConfigurationList;
			buildConfigurations = (
				26F7141823DCDE88000D426D /* Debug */,
				26F7141923DCDE88000D426D /* Release */,
			);
			defaultConfigurationIsVisible = 0;
			defaultConfigurationName = Release;
		};
		26F7141A23DCDE88000D426D /* Build configuration list for PBXNativeTarget "ShoppingList" */ = {
			isa = XCConfigurationList;
			buildConfigurations = (
				26F7141B23DCDE88000D426D /* Debug */,
				26F7141C23DCDE88000D426D /* Release */,
			);
			defaultConfigurationIsVisible = 0;
			defaultConfigurationName = Release;
		};
/* End XCConfigurationList section */
	};
	rootObject = 26F713FE23DCDE87000D426D /* Project object */;
}
